
Microsoft Visual Studio Solution File, Format Version 12.00
# Visual Studio 15
Project("{D954291E-2A0B-460D-934E-DC6B0785DB48}") = "PlanetsLibrary", "PlanetsLibrary\PlanetsLibrary.shproj", "{6FEB5951-75F2-4D8D-9DC7-4F26B0223AA2}"
EndProject
Global
	GlobalSection(SolutionConfigurationPlatforms) = preSolution
		Build|Any CPU = Build|Any CPU
		Debug|Any CPU = Debug|Any CPU
		Release|Any CPU = Release|Any CPU
	EndGlobalSection
	GlobalSection(ProjectConfigurationPlatforms) = postSolution
		{BBACA105-64C2-45BB-8A18-E13A20099F8F}.Build|Any CPU.ActiveCfg = Debug|Any CPU
		{BBACA105-64C2-45BB-8A18-E13A20099F8F}.Build|Any CPU.Build.0 = Debug|Any CPU
		{BBACA105-64C2-45BB-8A18-E13A20099F8F}.Debug|Any CPU.ActiveCfg = Debug|Any CPU
		{BBACA105-64C2-45BB-8A18-E13A20099F8F}.Debug|Any CPU.Build.0 = Debug|Any CPU
		{BBACA105-64C2-45BB-8A18-E13A20099F8F}.Release|Any CPU.ActiveCfg = Release|Any CPU
		{BBACA105-64C2-45BB-8A18-E13A20099F8F}.Release|Any CPU.Build.0 = Release|Any CPU
	EndGlobalSection
EndGlobal
